// !$*UTF8*$!
{
	archiveVersion = 1;
	classes = {
	};
	objectVersion = 46;
	objects = {

/* Begin PBXBuildFile section */
		6367F08B1B07A9E6006B2117 /* main.m in Sources */ = {isa = PBXBuildFile; fileRef = 6367F08A1B07A9E6006B2117 /* main.m */; };
		6367F08E1B07A9E6006B2117 /* AppDelegate.m in Sources */ = {isa = PBXBuildFile; fileRef = 6367F08D1B07A9E6006B2117 /* AppDelegate.m */; };
		6367F0961B07A9E6006B2117 /* Images.xcassets in Resources */ = {isa = PBXBuildFile; fileRef = 6367F0951B07A9E6006B2117 /* Images.xcassets */; };
		6367F0A51B07A9E6006B2117 /* JarvisTests.m in Sources */ = {isa = PBXBuildFile; fileRef = 6367F0A41B07A9E6006B2117 /* JarvisTests.m */; };
		6367F0B91B07D79D006B2117 /* LaunchScreen.png in Resources */ = {isa = PBXBuildFile; fileRef = 6367F0B81B07D79D006B2117 /* LaunchScreen.png */; };
		6367F0BB1B07DA90006B2117 /* Main.storyboard in Resources */ = {isa = PBXBuildFile; fileRef = 6367F0BA1B07DA90006B2117 /* Main.storyboard */; };
		6367F0BF1B0816B8006B2117 /* MainViewController.m in Sources */ = {isa = PBXBuildFile; fileRef = 6367F0BE1B0816B8006B2117 /* MainViewController.m */; };
		6367F0C41B081F21006B2117 /* AcousticModelEnglish.bundle in Resources */ = {isa = PBXBuildFile; fileRef = 6367F0C01B081F21006B2117 /* AcousticModelEnglish.bundle */; };
		6367F0C51B081F21006B2117 /* AcousticModelSpanish.bundle in Resources */ = {isa = PBXBuildFile; fileRef = 6367F0C11B081F21006B2117 /* AcousticModelSpanish.bundle */; };
		6367F0C61B081F21006B2117 /* OpenEars.framework in Frameworks */ = {isa = PBXBuildFile; fileRef = 6367F0C21B081F21006B2117 /* OpenEars.framework */; };
		6367F0C71B081F21006B2117 /* Slt.framework in Frameworks */ = {isa = PBXBuildFile; fileRef = 6367F0C31B081F21006B2117 /* Slt.framework */; };
		6367F0CD1B08349E006B2117 /* AudioToolbox.framework in Frameworks */ = {isa = PBXBuildFile; fileRef = 6367F0CC1B08349E006B2117 /* AudioToolbox.framework */; };
		6367F0CF1B083535006B2117 /* button-3.wav in Resources */ = {isa = PBXBuildFile; fileRef = 6367F0CE1B083535006B2117 /* button-3.wav */; };
		6367F0D11B084330006B2117 /* AVFoundation.framework in Frameworks */ = {isa = PBXBuildFile; fileRef = 6367F0D01B084330006B2117 /* AVFoundation.framework */; };
		6367F0D71B085573006B2117 /* Registration.m in Sources */ = {isa = PBXBuildFile; fileRef = 6367F0D61B085573006B2117 /* Registration.m */; };
		6367F0DA1B085687006B2117 /* Login.m in Sources */ = {isa = PBXBuildFile; fileRef = 6367F0D91B085687006B2117 /* Login.m */; };
		6367F0DD1B08784E006B2117 /* Model.xcdatamodeld in Sources */ = {isa = PBXBuildFile; fileRef = 6367F0DB1B08784E006B2117 /* Model.xcdatamodeld */; };
		6367F0E01B087930006B2117 /* Token.m in Sources */ = {isa = PBXBuildFile; fileRef = 6367F0DF1B087930006B2117 /* Token.m */; };
		6367F0E31B0879A1006B2117 /* DeviceStatus.m in Sources */ = {isa = PBXBuildFile; fileRef = 6367F0E21B0879A1006B2117 /* DeviceStatus.m */; };
		6367F0E91B08800A006B2117 /* RegistrationForm.m in Sources */ = {isa = PBXBuildFile; fileRef = 6367F0E81B08800A006B2117 /* RegistrationForm.m */; };
		6367F0EC1B088035006B2117 /* RegistrationFormViewController.m in Sources */ = {isa = PBXBuildFile; fileRef = 6367F0EB1B088035006B2117 /* RegistrationFormViewController.m */; };
		6367F0F01B088207006B2117 /* SubmitButtonCell.m in Sources */ = {isa = PBXBuildFile; fileRef = 6367F0EF1B088207006B2117 /* SubmitButtonCell.m */; };
		6367F0F81B089CF4006B2117 /* SubmitButtonCell.xib in Resources */ = {isa = PBXBuildFile; fileRef = 6367F0F71B089CF4006B2117 /* SubmitButtonCell.xib */; };
		6367F0FA1B08A32D006B2117 /* Backgrund.png in Resources */ = {isa = PBXBuildFile; fileRef = 6367F0F91B08A32D006B2117 /* Backgrund.png */; };
		6367F0FD1B08A36B006B2117 /* 37x-Checkmark.png in Resources */ = {isa = PBXBuildFile; fileRef = 6367F0FB1B08A36B006B2117 /* 37x-Checkmark.png */; };
		6367F0FE1B08A36B006B2117 /* 37x-Checkmark@2x.png in Resources */ = {isa = PBXBuildFile; fileRef = 6367F0FC1B08A36B006B2117 /* 37x-Checkmark@2x.png */; };
		6367F1011B08A774006B2117 /* LoginFormViewController.m in Sources */ = {isa = PBXBuildFile; fileRef = 6367F1001B08A774006B2117 /* LoginFormViewController.m */; };
		6367F1041B08A85B006B2117 /* LoginForm.m in Sources */ = {isa = PBXBuildFile; fileRef = 6367F1031B08A85B006B2117 /* LoginForm.m */; };
		6367F1071B08ABD5006B2117 /* RootForm.m in Sources */ = {isa = PBXBuildFile; fileRef = 6367F1061B08ABD5006B2117 /* RootForm.m */; };
		6367F10B1B08B6D9006B2117 /* wave.gif in Resources */ = {isa = PBXBuildFile; fileRef = 6367F10A1B08B6D9006B2117 /* wave.gif */; };
		6367F10D1B08CBF0006B2117 /* CoreData.framework in Frameworks */ = {isa = PBXBuildFile; fileRef = 6367F10C1B08CBF0006B2117 /* CoreData.framework */; };
		6367F10F1B08E45C006B2117 /* Botton.png in Resources */ = {isa = PBXBuildFile; fileRef = 6367F10E1B08E45C006B2117 /* Botton.png */; };
		FAC7267FCC8553311EDA088B /* libPods-Jarvis.a in Frameworks */ = {isa = PBXBuildFile; fileRef = EA93A2EB8ABB34CA9ABF06F6 /* libPods-Jarvis.a */; };
/* End PBXBuildFile section */

/* Begin PBXContainerItemProxy section */
		6367F09F1B07A9E6006B2117 /* PBXContainerItemProxy */ = {
			isa = PBXContainerItemProxy;
			containerPortal = 6367F07D1B07A9E6006B2117 /* Project object */;
			proxyType = 1;
			remoteGlobalIDString = 6367F0841B07A9E6006B2117;
			remoteInfo = Jarvis;
		};
/* End PBXContainerItemProxy section */

/* Begin PBXFileReference section */
		6367F0851B07A9E6006B2117 /* Jarvis.app */ = {isa = PBXFileReference; explicitFileType = wrapper.application; includeInIndex = 0; path = Jarvis.app; sourceTree = BUILT_PRODUCTS_DIR; };
		6367F0891B07A9E6006B2117 /* Info.plist */ = {isa = PBXFileReference; lastKnownFileType = text.plist.xml; path = Info.plist; sourceTree = "<group>"; };
		6367F08A1B07A9E6006B2117 /* main.m */ = {isa = PBXFileReference; lastKnownFileType = sourcecode.c.objc; path = main.m; sourceTree = "<group>"; };
		6367F08C1B07A9E6006B2117 /* AppDelegate.h */ = {isa = PBXFileReference; lastKnownFileType = sourcecode.c.h; path = AppDelegate.h; sourceTree = "<group>"; };
		6367F08D1B07A9E6006B2117 /* AppDelegate.m */ = {isa = PBXFileReference; lastKnownFileType = sourcecode.c.objc; path = AppDelegate.m; sourceTree = "<group>"; };
		6367F0951B07A9E6006B2117 /* Images.xcassets */ = {isa = PBXFileReference; lastKnownFileType = folder.assetcatalog; path = Images.xcassets; sourceTree = "<group>"; };
		6367F09E1B07A9E6006B2117 /* JarvisTests.xctest */ = {isa = PBXFileReference; explicitFileType = wrapper.cfbundle; includeInIndex = 0; path = JarvisTests.xctest; sourceTree = BUILT_PRODUCTS_DIR; };
		6367F0A31B07A9E6006B2117 /* Info.plist */ = {isa = PBXFileReference; lastKnownFileType = text.plist.xml; path = Info.plist; sourceTree = "<group>"; };
		6367F0A41B07A9E6006B2117 /* JarvisTests.m */ = {isa = PBXFileReference; lastKnownFileType = sourcecode.c.objc; path = JarvisTests.m; sourceTree = "<group>"; };
		6367F0B81B07D79D006B2117 /* LaunchScreen.png */ = {isa = PBXFileReference; lastKnownFileType = image.png; path = LaunchScreen.png; sourceTree = "<group>"; };
		6367F0BA1B07DA90006B2117 /* Main.storyboard */ = {isa = PBXFileReference; fileEncoding = 4; lastKnownFileType = file.storyboard; path = Main.storyboard; sourceTree = "<group>"; };
		6367F0BD1B0816B8006B2117 /* MainViewController.h */ = {isa = PBXFileReference; fileEncoding = 4; lastKnownFileType = sourcecode.c.h; path = MainViewController.h; sourceTree = "<group>"; };
		6367F0BE1B0816B8006B2117 /* MainViewController.m */ = {isa = PBXFileReference; fileEncoding = 4; lastKnownFileType = sourcecode.c.objc; path = MainViewController.m; sourceTree = "<group>"; };
		6367F0C01B081F21006B2117 /* AcousticModelEnglish.bundle */ = {isa = PBXFileReference; lastKnownFileType = "wrapper.plug-in"; path = AcousticModelEnglish.bundle; sourceTree = "<group>"; };
		6367F0C11B081F21006B2117 /* AcousticModelSpanish.bundle */ = {isa = PBXFileReference; lastKnownFileType = "wrapper.plug-in"; path = AcousticModelSpanish.bundle; sourceTree = "<group>"; };
		6367F0C21B081F21006B2117 /* OpenEars.framework */ = {isa = PBXFileReference; lastKnownFileType = wrapper.framework; path = OpenEars.framework; sourceTree = "<group>"; };
		6367F0C31B081F21006B2117 /* Slt.framework */ = {isa = PBXFileReference; lastKnownFileType = wrapper.framework; path = Slt.framework; sourceTree = "<group>"; };
		6367F0CC1B08349E006B2117 /* AudioToolbox.framework */ = {isa = PBXFileReference; lastKnownFileType = wrapper.framework; name = AudioToolbox.framework; path = System/Library/Frameworks/AudioToolbox.framework; sourceTree = SDKROOT; };
		6367F0CE1B083535006B2117 /* button-3.wav */ = {isa = PBXFileReference; lastKnownFileType = audio.wav; path = "button-3.wav"; sourceTree = "<group>"; };
		6367F0D01B084330006B2117 /* AVFoundation.framework */ = {isa = PBXFileReference; lastKnownFileType = wrapper.framework; name = AVFoundation.framework; path = System/Library/Frameworks/AVFoundation.framework; sourceTree = SDKROOT; };
		6367F0D41B085251006B2117 /* Webservice.h */ = {isa = PBXFileReference; lastKnownFileType = sourcecode.c.h; path = Webservice.h; sourceTree = "<group>"; };
		6367F0D51B085573006B2117 /* Registration.h */ = {isa = PBXFileReference; fileEncoding = 4; lastKnownFileType = sourcecode.c.h; path = Registration.h; sourceTree = "<group>"; };
		6367F0D61B085573006B2117 /* Registration.m */ = {isa = PBXFileReference; fileEncoding = 4; lastKnownFileType = sourcecode.c.objc; path = Registration.m; sourceTree = "<group>"; };
		6367F0D81B085687006B2117 /* Login.h */ = {isa = PBXFileReference; fileEncoding = 4; lastKnownFileType = sourcecode.c.h; path = Login.h; sourceTree = "<group>"; };
		6367F0D91B085687006B2117 /* Login.m */ = {isa = PBXFileReference; fileEncoding = 4; lastKnownFileType = sourcecode.c.objc; path = Login.m; sourceTree = "<group>"; };
		6367F0DC1B08784E006B2117 /* Model.xcdatamodel */ = {isa = PBXFileReference; lastKnownFileType = wrapper.xcdatamodel; path = Model.xcdatamodel; sourceTree = "<group>"; };
		6367F0DE1B087930006B2117 /* Token.h */ = {isa = PBXFileReference; fileEncoding = 4; lastKnownFileType = sourcecode.c.h; path = Token.h; sourceTree = "<group>"; };
		6367F0DF1B087930006B2117 /* Token.m */ = {isa = PBXFileReference; fileEncoding = 4; lastKnownFileType = sourcecode.c.objc; path = Token.m; sourceTree = "<group>"; };
		6367F0E11B0879A1006B2117 /* DeviceStatus.h */ = {isa = PBXFileReference; fileEncoding = 4; lastKnownFileType = sourcecode.c.h; path = DeviceStatus.h; sourceTree = "<group>"; };
		6367F0E21B0879A1006B2117 /* DeviceStatus.m */ = {isa = PBXFileReference; fileEncoding = 4; lastKnownFileType = sourcecode.c.objc; path = DeviceStatus.m; sourceTree = "<group>"; };
		6367F0E71B08800A006B2117 /* RegistrationForm.h */ = {isa = PBXFileReference; fileEncoding = 4; lastKnownFileType = sourcecode.c.h; path = RegistrationForm.h; sourceTree = "<group>"; };
		6367F0E81B08800A006B2117 /* RegistrationForm.m */ = {isa = PBXFileReference; fileEncoding = 4; lastKnownFileType = sourcecode.c.objc; path = RegistrationForm.m; sourceTree = "<group>"; };
		6367F0EA1B088035006B2117 /* RegistrationFormViewController.h */ = {isa = PBXFileReference; fileEncoding = 4; lastKnownFileType = sourcecode.c.h; path = RegistrationFormViewController.h; sourceTree = "<group>"; };
		6367F0EB1B088035006B2117 /* RegistrationFormViewController.m */ = {isa = PBXFileReference; fileEncoding = 4; lastKnownFileType = sourcecode.c.objc; path = RegistrationFormViewController.m; sourceTree = "<group>"; };
		6367F0EE1B088207006B2117 /* SubmitButtonCell.h */ = {isa = PBXFileReference; fileEncoding = 4; lastKnownFileType = sourcecode.c.h; path = SubmitButtonCell.h; sourceTree = "<group>"; };
		6367F0EF1B088207006B2117 /* SubmitButtonCell.m */ = {isa = PBXFileReference; fileEncoding = 4; lastKnownFileType = sourcecode.c.objc; path = SubmitButtonCell.m; sourceTree = "<group>"; };
		6367F0F71B089CF4006B2117 /* SubmitButtonCell.xib */ = {isa = PBXFileReference; fileEncoding = 4; lastKnownFileType = file.xib; path = SubmitButtonCell.xib; sourceTree = "<group>"; };
		6367F0F91B08A32D006B2117 /* Backgrund.png */ = {isa = PBXFileReference; lastKnownFileType = image.png; path = Backgrund.png; sourceTree = "<group>"; };
		6367F0FB1B08A36B006B2117 /* 37x-Checkmark.png */ = {isa = PBXFileReference; lastKnownFileType = image.png; path = "37x-Checkmark.png"; sourceTree = "<group>"; };
		6367F0FC1B08A36B006B2117 /* 37x-Checkmark@2x.png */ = {isa = PBXFileReference; lastKnownFileType = image.png; path = "37x-Checkmark@2x.png"; sourceTree = "<group>"; };
		6367F0FF1B08A774006B2117 /* LoginFormViewController.h */ = {isa = PBXFileReference; fileEncoding = 4; lastKnownFileType = sourcecode.c.h; path = LoginFormViewController.h; sourceTree = "<group>"; };
		6367F1001B08A774006B2117 /* LoginFormViewController.m */ = {isa = PBXFileReference; fileEncoding = 4; lastKnownFileType = sourcecode.c.objc; path = LoginFormViewController.m; sourceTree = "<group>"; };
		6367F1021B08A85B006B2117 /* LoginForm.h */ = {isa = PBXFileReference; fileEncoding = 4; lastKnownFileType = sourcecode.c.h; path = LoginForm.h; sourceTree = "<group>"; };
		6367F1031B08A85B006B2117 /* LoginForm.m */ = {isa = PBXFileReference; fileEncoding = 4; lastKnownFileType = sourcecode.c.objc; path = LoginForm.m; sourceTree = "<group>"; };
		6367F1051B08ABD5006B2117 /* RootForm.h */ = {isa = PBXFileReference; fileEncoding = 4; lastKnownFileType = sourcecode.c.h; path = RootForm.h; sourceTree = "<group>"; };
		6367F1061B08ABD5006B2117 /* RootForm.m */ = {isa = PBXFileReference; fileEncoding = 4; lastKnownFileType = sourcecode.c.objc; path = RootForm.m; sourceTree = "<group>"; };
		6367F10A1B08B6D9006B2117 /* wave.gif */ = {isa = PBXFileReference; lastKnownFileType = image.gif; path = wave.gif; sourceTree = "<group>"; };
		6367F10C1B08CBF0006B2117 /* CoreData.framework */ = {isa = PBXFileReference; lastKnownFileType = wrapper.framework; name = CoreData.framework; path = System/Library/Frameworks/CoreData.framework; sourceTree = SDKROOT; };
		6367F10E1B08E45C006B2117 /* Botton.png */ = {isa = PBXFileReference; lastKnownFileType = image.png; path = Botton.png; sourceTree = "<group>"; };
		CCE75F9ECC8404CA866FB2A0 /* Pods-Jarvis.release.xcconfig */ = {isa = PBXFileReference; includeInIndex = 1; lastKnownFileType = text.xcconfig; name = "Pods-Jarvis.release.xcconfig"; path = "Pods/Target Support Files/Pods-Jarvis/Pods-Jarvis.release.xcconfig"; sourceTree = "<group>"; };
		CEC757543241FB2EF893E2FB /* Pods-Jarvis.debug.xcconfig */ = {isa = PBXFileReference; includeInIndex = 1; lastKnownFileType = text.xcconfig; name = "Pods-Jarvis.debug.xcconfig"; path = "Pods/Target Support Files/Pods-Jarvis/Pods-Jarvis.debug.xcconfig"; sourceTree = "<group>"; };
		EA93A2EB8ABB34CA9ABF06F6 /* libPods-Jarvis.a */ = {isa = PBXFileReference; explicitFileType = archive.ar; includeInIndex = 0; path = "libPods-Jarvis.a"; sourceTree = BUILT_PRODUCTS_DIR; };
/* End PBXFileReference section */

/* Begin PBXFrameworksBuildPhase section */
		6367F0821B07A9E6006B2117 /* Frameworks */ = {
			isa = PBXFrameworksBuildPhase;
			buildActionMask = 2147483647;
			files = (
				6367F10D1B08CBF0006B2117 /* CoreData.framework in Frameworks */,
				6367F0D11B084330006B2117 /* AVFoundation.framework in Frameworks */,
				6367F0CD1B08349E006B2117 /* AudioToolbox.framework in Frameworks */,
				6367F0C71B081F21006B2117 /* Slt.framework in Frameworks */,
				FAC7267FCC8553311EDA088B /* libPods-Jarvis.a in Frameworks */,
				6367F0C61B081F21006B2117 /* OpenEars.framework in Frameworks */,
			);
			runOnlyForDeploymentPostprocessing = 0;
		};
		6367F09B1B07A9E6006B2117 /* Frameworks */ = {
			isa = PBXFrameworksBuildPhase;
			buildActionMask = 2147483647;
			files = (
			);
			runOnlyForDeploymentPostprocessing = 0;
		};
/* End PBXFrameworksBuildPhase section */

/* Begin PBXGroup section */
		0044AB47D6C236C5203DFEF8 /* Frameworks */ = {
			isa = PBXGroup;
			children = (
				6367F10C1B08CBF0006B2117 /* CoreData.framework */,
				6367F0D01B084330006B2117 /* AVFoundation.framework */,
				6367F0CC1B08349E006B2117 /* AudioToolbox.framework */,
				6367F0C01B081F21006B2117 /* AcousticModelEnglish.bundle */,
				6367F0C11B081F21006B2117 /* AcousticModelSpanish.bundle */,
				6367F0C21B081F21006B2117 /* OpenEars.framework */,
				6367F0C31B081F21006B2117 /* Slt.framework */,
				EA93A2EB8ABB34CA9ABF06F6 /* libPods-Jarvis.a */,
			);
			name = Frameworks;
			sourceTree = "<group>";
		};
		03ACA47A9ED62EF03D62C29F /* Pods */ = {
			isa = PBXGroup;
			children = (
				CEC757543241FB2EF893E2FB /* Pods-Jarvis.debug.xcconfig */,
				CCE75F9ECC8404CA866FB2A0 /* Pods-Jarvis.release.xcconfig */,
			);
			name = Pods;
			sourceTree = "<group>";
		};
		6367F07C1B07A9E6006B2117 = {
			isa = PBXGroup;
			children = (
				6367F0871B07A9E6006B2117 /* Jarvis */,
				6367F0A11B07A9E6006B2117 /* JarvisTests */,
				6367F0861B07A9E6006B2117 /* Products */,
				03ACA47A9ED62EF03D62C29F /* Pods */,
				0044AB47D6C236C5203DFEF8 /* Frameworks */,
			);
			sourceTree = "<group>";
		};
		6367F0861B07A9E6006B2117 /* Products */ = {
			isa = PBXGroup;
			children = (
				6367F0851B07A9E6006B2117 /* Jarvis.app */,
				6367F09E1B07A9E6006B2117 /* JarvisTests.xctest */,
			);
			name = Products;
			sourceTree = "<group>";
		};
		6367F0871B07A9E6006B2117 /* Jarvis */ = {
			isa = PBXGroup;
			children = (
				6367F0B01B07D60E006B2117 /* Assets */,
				6367F0B11B07D60E006B2117 /* Config */,
				6367F0B21B07D60E006B2117 /* Controllers */,
				6367F0B31B07D60E006B2117 /* Forms */,
				6367F0B41B07D60E006B2117 /* Models */,
				6367F0B51B07D60E006B2117 /* Views */,
				6367F08C1B07A9E6006B2117 /* AppDelegate.h */,
				6367F08D1B07A9E6006B2117 /* AppDelegate.m */,
				6367F0951B07A9E6006B2117 /* Images.xcassets */,
				6367F0881B07A9E6006B2117 /* Supporting Files */,
			);
			path = Jarvis;
			sourceTree = "<group>";
		};
		6367F0881B07A9E6006B2117 /* Supporting Files */ = {
			isa = PBXGroup;
			children = (
				6367F0891B07A9E6006B2117 /* Info.plist */,
				6367F08A1B07A9E6006B2117 /* main.m */,
			);
			name = "Supporting Files";
			sourceTree = "<group>";
		};
		6367F0A11B07A9E6006B2117 /* JarvisTests */ = {
			isa = PBXGroup;
			children = (
				6367F0A41B07A9E6006B2117 /* JarvisTests.m */,
				6367F0A21B07A9E6006B2117 /* Supporting Files */,
			);
			path = JarvisTests;
			sourceTree = "<group>";
		};
		6367F0A21B07A9E6006B2117 /* Supporting Files */ = {
			isa = PBXGroup;
			children = (
				6367F0A31B07A9E6006B2117 /* Info.plist */,
			);
			name = "Supporting Files";
			sourceTree = "<group>";
		};
		6367F0B01B07D60E006B2117 /* Assets */ = {
			isa = PBXGroup;
			children = (
				6367F10E1B08E45C006B2117 /* Botton.png */,
				6367F10A1B08B6D9006B2117 /* wave.gif */,
				6367F0FB1B08A36B006B2117 /* 37x-Checkmark.png */,
				6367F0FC1B08A36B006B2117 /* 37x-Checkmark@2x.png */,
				6367F0F91B08A32D006B2117 /* Backgrund.png */,
				6367F0B81B07D79D006B2117 /* LaunchScreen.png */,
				6367F0CE1B083535006B2117 /* button-3.wav */,
			);
			path = Assets;
			sourceTree = "<group>";
		};
		6367F0B11B07D60E006B2117 /* Config */ = {
			isa = PBXGroup;
			children = (
				6367F0D41B085251006B2117 /* Webservice.h */,
			);
			path = Config;
			sourceTree = "<group>";
		};
		6367F0B21B07D60E006B2117 /* Controllers */ = {
			isa = PBXGroup;
			children = (
				6367F0BD1B0816B8006B2117 /* MainViewController.h */,
				6367F0BE1B0816B8006B2117 /* MainViewController.m */,
				6367F0EA1B088035006B2117 /* RegistrationFormViewController.h */,
				6367F0EB1B088035006B2117 /* RegistrationFormViewController.m */,
				6367F0FF1B08A774006B2117 /* LoginFormViewController.h */,
				6367F1001B08A774006B2117 /* LoginFormViewController.m */,
			);
			path = Controllers;
			sourceTree = "<group>";
		};
		6367F0B31B07D60E006B2117 /* Forms */ = {
			isa = PBXGroup;
			children = (
				6367F0ED1B0881DE006B2117 /* Cells */,
				6367F0E71B08800A006B2117 /* RegistrationForm.h */,
				6367F0E81B08800A006B2117 /* RegistrationForm.m */,
				6367F1021B08A85B006B2117 /* LoginForm.h */,
				6367F1031B08A85B006B2117 /* LoginForm.m */,
				6367F1051B08ABD5006B2117 /* RootForm.h */,
				6367F1061B08ABD5006B2117 /* RootForm.m */,
			);
			path = Forms;
			sourceTree = "<group>";
		};
		6367F0B41B07D60E006B2117 /* Models */ = {
			isa = PBXGroup;
			children = (
				6367F0E11B0879A1006B2117 /* DeviceStatus.h */,
				6367F0E21B0879A1006B2117 /* DeviceStatus.m */,
				6367F0DE1B087930006B2117 /* Token.h */,
				6367F0DF1B087930006B2117 /* Token.m */,
				6367F0D51B085573006B2117 /* Registration.h */,
				6367F0D61B085573006B2117 /* Registration.m */,
				6367F0D81B085687006B2117 /* Login.h */,
				6367F0D91B085687006B2117 /* Login.m */,
				6367F0DB1B08784E006B2117 /* Model.xcdatamodeld */,
			);
			path = Models;
			sourceTree = "<group>";
		};
		6367F0B51B07D60E006B2117 /* Views */ = {
			isa = PBXGroup;
			children = (
				6367F0BA1B07DA90006B2117 /* Main.storyboard */,
			);
			path = Views;
			sourceTree = "<group>";
		};
		6367F0ED1B0881DE006B2117 /* Cells */ = {
			isa = PBXGroup;
			children = (
				6367F0F71B089CF4006B2117 /* SubmitButtonCell.xib */,
				6367F0EE1B088207006B2117 /* SubmitButtonCell.h */,
				6367F0EF1B088207006B2117 /* SubmitButtonCell.m */,
			);
			name = Cells;
			sourceTree = "<group>";
		};
/* End PBXGroup section */

/* Begin PBXNativeTarget section */
		6367F0841B07A9E6006B2117 /* Jarvis */ = {
			isa = PBXNativeTarget;
			buildConfigurationList = 6367F0A81B07A9E6006B2117 /* Build configuration list for PBXNativeTarget "Jarvis" */;
			buildPhases = (
				416597135BE04FE5159247CF /* Check Pods Manifest.lock */,
				6367F0811B07A9E6006B2117 /* Sources */,
				6367F0821B07A9E6006B2117 /* Frameworks */,
				6367F0831B07A9E6006B2117 /* Resources */,
				A1C0F19A980AD46D6AED1F27 /* Copy Pods Resources */,
			);
			buildRules = (
			);
			dependencies = (
			);
			name = Jarvis;
			productName = Jarvis;
			productReference = 6367F0851B07A9E6006B2117 /* Jarvis.app */;
			productType = "com.apple.product-type.application";
		};
		6367F09D1B07A9E6006B2117 /* JarvisTests */ = {
			isa = PBXNativeTarget;
			buildConfigurationList = 6367F0AB1B07A9E6006B2117 /* Build configuration list for PBXNativeTarget "JarvisTests" */;
			buildPhases = (
				6367F09A1B07A9E6006B2117 /* Sources */,
				6367F09B1B07A9E6006B2117 /* Frameworks */,
				6367F09C1B07A9E6006B2117 /* Resources */,
			);
			buildRules = (
			);
			dependencies = (
				6367F0A01B07A9E6006B2117 /* PBXTargetDependency */,
			);
			name = JarvisTests;
			productName = JarvisTests;
			productReference = 6367F09E1B07A9E6006B2117 /* JarvisTests.xctest */;
			productType = "com.apple.product-type.bundle.unit-test";
		};
/* End PBXNativeTarget section */

/* Begin PBXProject section */
		6367F07D1B07A9E6006B2117 /* Project object */ = {
			isa = PBXProject;
			attributes = {
				LastUpgradeCheck = 0630;
				ORGANIZATIONNAME = dagrinchi;
				TargetAttributes = {
					6367F0841B07A9E6006B2117 = {
						CreatedOnToolsVersion = 6.3.1;
						DevelopmentTeam = FZRJC7SK3C;
					};
					6367F09D1B07A9E6006B2117 = {
						CreatedOnToolsVersion = 6.3.1;
						TestTargetID = 6367F0841B07A9E6006B2117;
					};
				};
			};
			buildConfigurationList = 6367F0801B07A9E6006B2117 /* Build configuration list for PBXProject "Jarvis" */;
			compatibilityVersion = "Xcode 3.2";
			developmentRegion = English;
			hasScannedForEncodings = 0;
			knownRegions = (
				en,
				Base,
			);
			mainGroup = 6367F07C1B07A9E6006B2117;
			productRefGroup = 6367F0861B07A9E6006B2117 /* Products */;
			projectDirPath = "";
			projectRoot = "";
			targets = (
				6367F0841B07A9E6006B2117 /* Jarvis */,
				6367F09D1B07A9E6006B2117 /* JarvisTests */,
			);
		};
/* End PBXProject section */

/* Begin PBXResourcesBuildPhase section */
		6367F0831B07A9E6006B2117 /* Resources */ = {
			isa = PBXResourcesBuildPhase;
			buildActionMask = 2147483647;
			files = (
				6367F0BB1B07DA90006B2117 /* Main.storyboard in Resources */,
				6367F0C51B081F21006B2117 /* AcousticModelSpanish.bundle in Resources */,
				6367F0C41B081F21006B2117 /* AcousticModelEnglish.bundle in Resources */,
				6367F0FE1B08A36B006B2117 /* 37x-Checkmark@2x.png in Resources */,
				6367F0961B07A9E6006B2117 /* Images.xcassets in Resources */,
				6367F10B1B08B6D9006B2117 /* wave.gif in Resources */,
				6367F0CF1B083535006B2117 /* button-3.wav in Resources */,
				6367F10F1B08E45C006B2117 /* Botton.png in Resources */,
				6367F0FA1B08A32D006B2117 /* Backgrund.png in Resources */,
				6367F0F81B089CF4006B2117 /* SubmitButtonCell.xib in Resources */,
				6367F0B91B07D79D006B2117 /* LaunchScreen.png in Resources */,
				6367F0FD1B08A36B006B2117 /* 37x-Checkmark.png in Resources */,
			);
			runOnlyForDeploymentPostprocessing = 0;
		};
		6367F09C1B07A9E6006B2117 /* Resources */ = {
			isa = PBXResourcesBuildPhase;
			buildActionMask = 2147483647;
			files = (
			);
			runOnlyForDeploymentPostprocessing = 0;
		};
/* End PBXResourcesBuildPhase section */

/* Begin PBXShellScriptBuildPhase section */
		416597135BE04FE5159247CF /* Check Pods Manifest.lock */ = {
			isa = PBXShellScriptBuildPhase;
			buildActionMask = 2147483647;
			files = (
			);
			inputPaths = (
			);
			name = "Check Pods Manifest.lock";
			outputPaths = (
			);
			runOnlyForDeploymentPostprocessing = 0;
			shellPath = /bin/sh;
			shellScript = "diff \"${PODS_ROOT}/../Podfile.lock\" \"${PODS_ROOT}/Manifest.lock\" > /dev/null\nif [[ $? != 0 ]] ; then\n    cat << EOM\nerror: The sandbox is not in sync with the Podfile.lock. Run 'pod install' or update your CocoaPods installation.\nEOM\n    exit 1\nfi\n";
			showEnvVarsInLog = 0;
		};
		A1C0F19A980AD46D6AED1F27 /* Copy Pods Resources */ = {
			isa = PBXShellScriptBuildPhase;
			buildActionMask = 2147483647;
			files = (
			);
			inputPaths = (
			);
			name = "Copy Pods Resources";
			outputPaths = (
			);
			runOnlyForDeploymentPostprocessing = 0;
			shellPath = /bin/sh;
			shellScript = "\"${SRCROOT}/Pods/Target Support Files/Pods-Jarvis/Pods-Jarvis-resources.sh\"\n";
			showEnvVarsInLog = 0;
		};
/* End PBXShellScriptBuildPhase section */

/* Begin PBXSourcesBuildPhase section */
		6367F0811B07A9E6006B2117 /* Sources */ = {
			isa = PBXSourcesBuildPhase;
			buildActionMask = 2147483647;
			files = (
				6367F1011B08A774006B2117 /* LoginFormViewController.m in Sources */,
				6367F0E01B087930006B2117 /* Token.m in Sources */,
				6367F1041B08A85B006B2117 /* LoginForm.m in Sources */,
				6367F0F01B088207006B2117 /* SubmitButtonCell.m in Sources */,
				6367F0DA1B085687006B2117 /* Login.m in Sources */,
				6367F1071B08ABD5006B2117 /* RootForm.m in Sources */,
				6367F0D71B085573006B2117 /* Registration.m in Sources */,
				6367F08E1B07A9E6006B2117 /* AppDelegate.m in Sources */,
				6367F0BF1B0816B8006B2117 /* MainViewController.m in Sources */,
				6367F0E31B0879A1006B2117 /* DeviceStatus.m in Sources */,
				6367F0EC1B088035006B2117 /* RegistrationFormViewController.m in Sources */,
				6367F08B1B07A9E6006B2117 /* main.m in Sources */,
				6367F0E91B08800A006B2117 /* RegistrationForm.m in Sources */,
				6367F0DD1B08784E006B2117 /* Model.xcdatamodeld in Sources */,
			);
			runOnlyForDeploymentPostprocessing = 0;
		};
		6367F09A1B07A9E6006B2117 /* Sources */ = {
			isa = PBXSourcesBuildPhase;
			buildActionMask = 2147483647;
			files = (
				6367F0A51B07A9E6006B2117 /* JarvisTests.m in Sources */,
			);
			runOnlyForDeploymentPostprocessing = 0;
		};
/* End PBXSourcesBuildPhase section */

/* Begin PBXTargetDependency section */
		6367F0A01B07A9E6006B2117 /* PBXTargetDependency */ = {
			isa = PBXTargetDependency;
			target = 6367F0841B07A9E6006B2117 /* Jarvis */;
			targetProxy = 6367F09F1B07A9E6006B2117 /* PBXContainerItemProxy */;
		};
/* End PBXTargetDependency section */

/* Begin XCBuildConfiguration section */
		6367F0A61B07A9E6006B2117 /* Debug */ = {
			isa = XCBuildConfiguration;
			buildSettings = {
				ALWAYS_SEARCH_USER_PATHS = NO;
				CLANG_CXX_LANGUAGE_STANDARD = "gnu++0x";
				CLANG_CXX_LIBRARY = "libc++";
				CLANG_ENABLE_MODULES = YES;
				CLANG_ENABLE_OBJC_ARC = YES;
				CLANG_WARN_BOOL_CONVERSION = YES;
				CLANG_WARN_CONSTANT_CONVERSION = YES;
				CLANG_WARN_DIRECT_OBJC_ISA_USAGE = YES_ERROR;
				CLANG_WARN_EMPTY_BODY = YES;
				CLANG_WARN_ENUM_CONVERSION = YES;
				CLANG_WARN_INT_CONVERSION = YES;
				CLANG_WARN_OBJC_ROOT_CLASS = YES_ERROR;
				CLANG_WARN_UNREACHABLE_CODE = YES;
				CLANG_WARN__DUPLICATE_METHOD_MATCH = YES;
				"CODE_SIGN_IDENTITY[sdk=iphoneos*]" = "iPhone Developer";
				COPY_PHASE_STRIP = NO;
				DEBUG_INFORMATION_FORMAT = "dwarf-with-dsym";
				ENABLE_STRICT_OBJC_MSGSEND = YES;
				GCC_C_LANGUAGE_STANDARD = gnu99;
				GCC_DYNAMIC_NO_PIC = NO;
				GCC_NO_COMMON_BLOCKS = YES;
				GCC_OPTIMIZATION_LEVEL = 0;
				GCC_PREPROCESSOR_DEFINITIONS = (
					"DEBUG=1",
					"$(inherited)",
				);
				GCC_SYMBOLS_PRIVATE_EXTERN = NO;
				GCC_WARN_64_TO_32_BIT_CONVERSION = YES;
				GCC_WARN_ABOUT_RETURN_TYPE = YES_ERROR;
				GCC_WARN_UNDECLARED_SELECTOR = YES;
				GCC_WARN_UNINITIALIZED_AUTOS = YES_AGGRESSIVE;
				GCC_WARN_UNUSED_FUNCTION = YES;
				GCC_WARN_UNUSED_VARIABLE = YES;
				IPHONEOS_DEPLOYMENT_TARGET = 7.1;
				MTL_ENABLE_DEBUG_INFO = YES;
				ONLY_ACTIVE_ARCH = YES;
				SDKROOT = iphoneos;
				TARGETED_DEVICE_FAMILY = "1,2";
			};
			name = Debug;
		};
		6367F0A71B07A9E6006B2117 /* Release */ = {
			isa = XCBuildConfiguration;
			buildSettings = {
				ALWAYS_SEARCH_USER_PATHS = NO;
				CLANG_CXX_LANGUAGE_STANDARD = "gnu++0x";
				CLANG_CXX_LIBRARY = "libc++";
				CLANG_ENABLE_MODULES = YES;
				CLANG_ENABLE_OBJC_ARC = YES;
				CLANG_WARN_BOOL_CONVERSION = YES;
				CLANG_WARN_CONSTANT_CONVERSION = YES;
				CLANG_WARN_DIRECT_OBJC_ISA_USAGE = YES_ERROR;
				CLANG_WARN_EMPTY_BODY = YES;
				CLANG_WARN_ENUM_CONVERSION = YES;
				CLANG_WARN_INT_CONVERSION = YES;
				CLANG_WARN_OBJC_ROOT_CLASS = YES_ERROR;
				CLANG_WARN_UNREACHABLE_CODE = YES;
				CLANG_WARN__DUPLICATE_METHOD_MATCH = YES;
				"CODE_SIGN_IDENTITY[sdk=iphoneos*]" = "iPhone Developer";
				COPY_PHASE_STRIP = NO;
				DEBUG_INFORMATION_FORMAT = "dwarf-with-dsym";
				ENABLE_NS_ASSERTIONS = NO;
				ENABLE_STRICT_OBJC_MSGSEND = YES;
				GCC_C_LANGUAGE_STANDARD = gnu99;
				GCC_NO_COMMON_BLOCKS = YES;
				GCC_WARN_64_TO_32_BIT_CONVERSION = YES;
				GCC_WARN_ABOUT_RETURN_TYPE = YES_ERROR;
				GCC_WARN_UNDECLARED_SELECTOR = YES;
				GCC_WARN_UNINITIALIZED_AUTOS = YES_AGGRESSIVE;
				GCC_WARN_UNUSED_FUNCTION = YES;
				GCC_WARN_UNUSED_VARIABLE = YES;
				IPHONEOS_DEPLOYMENT_TARGET = 7.1;
				MTL_ENABLE_DEBUG_INFO = NO;
				SDKROOT = iphoneos;
				TARGETED_DEVICE_FAMILY = "1,2";
				VALIDATE_PRODUCT = YES;
			};
			name = Release;
		};
		6367F0A91B07A9E6006B2117 /* Debug */ = {
			isa = XCBuildConfiguration;
			baseConfigurationReference = CEC757543241FB2EF893E2FB /* Pods-Jarvis.debug.xcconfig */;
			buildSettings = {
				ASSETCATALOG_COMPILER_APPICON_NAME = AppIcon;
				ASSETCATALOG_COMPILER_LAUNCHIMAGE_NAME = LaunchImage;
				CODE_SIGN_IDENTITY = "iPhone Developer";
				FRAMEWORK_SEARCH_PATHS = (
					"$(inherited)",
					"$(PROJECT_DIR)",
				);
				INFOPLIST_FILE = Jarvis/Info.plist;
				IPHONEOS_DEPLOYMENT_TARGET = 7.1;
				LD_RUNPATH_SEARCH_PATHS = "$(inherited) @executable_path/Frameworks";
				PRODUCT_NAME = "$(TARGET_NAME)";
			};
			name = Debug;
		};
		6367F0AA1B07A9E6006B2117 /* Release */ = {
			isa = XCBuildConfiguration;
			baseConfigurationReference = CCE75F9ECC8404CA866FB2A0 /* Pods-Jarvis.release.xcconfig */;
			buildSettings = {
				ASSETCATALOG_COMPILER_APPICON_NAME = AppIcon;
				ASSETCATALOG_COMPILER_LAUNCHIMAGE_NAME = LaunchImage;
				CODE_SIGN_IDENTITY = "iPhone Developer";
				FRAMEWORK_SEARCH_PATHS = (
					"$(inherited)",
					"$(PROJECT_DIR)",
				);
				INFOPLIST_FILE = Jarvis/Info.plist;
				IPHONEOS_DEPLOYMENT_TARGET = 7.1;
				LD_RUNPATH_SEARCH_PATHS = "$(inherited) @executable_path/Frameworks";
				PRODUCT_NAME = "$(TARGET_NAME)";
			};
			name = Release;
		};
		6367F0AC1B07A9E6006B2117 /* Debug */ = {
			isa = XCBuildConfiguration;
			buildSettings = {
				BUNDLE_LOADER = "$(TEST_HOST)";
				FRAMEWORK_SEARCH_PATHS = (
					"$(SDKROOT)/Developer/Library/Frameworks",
					"$(inherited)",
				);
				GCC_PREPROCESSOR_DEFINITIONS = (
					"DEBUG=1",
					"$(inherited)",
				);
				INFOPLIST_FILE = JarvisTests/Info.plist;
				LD_RUNPATH_SEARCH_PATHS = "$(inherited) @executable_path/Frameworks @loader_path/Frameworks";
				PRODUCT_NAME = "$(TARGET_NAME)";
				TEST_HOST = "$(BUILT_PRODUCTS_DIR)/Jarvis.app/Jarvis";
			};
			name = Debug;
		};
		6367F0AD1B07A9E6006B2117 /* Release */ = {
			isa = XCBuildConfiguration;
			buildSettings = {
				BUNDLE_LOADER = "$(TEST_HOST)";
				FRAMEWORK_SEARCH_PATHS = (
					"$(SDKROOT)/Developer/Library/Frameworks",
					"$(inherited)",
				);
				INFOPLIST_FILE = JarvisTests/Info.plist;
				LD_RUNPATH_SEARCH_PATHS = "$(inherited) @executable_path/Frameworks @loader_path/Frameworks";
				PRODUCT_NAME = "$(TARGET_NAME)";
				TEST_HOST = "$(BUILT_PRODUCTS_DIR)/Jarvis.app/Jarvis";
			};
			name = Release;
		};
/* End XCBuildConfiguration section */

/* Begin XCConfigurationList section */
		6367F0801B07A9E6006B2117 /* Build configuration list for PBXProject "Jarvis" */ = {
			isa = XCConfigurationList;
			buildConfigurations = (
				6367F0A61B07A9E6006B2117 /* Debug */,
				6367F0A71B07A9E6006B2117 /* Release */,
			);
			defaultConfigurationIsVisible = 0;
			defaultConfigurationName = Release;
		};
		6367F0A81B07A9E6006B2117 /* Build configuration list for PBXNativeTarget "Jarvis" */ = {
			isa = XCConfigurationList;
			buildConfigurations = (
				6367F0A91B07A9E6006B2117 /* Debug */,
				6367F0AA1B07A9E6006B2117 /* Release */,
			);
			defaultConfigurationIsVisible = 0;
			defaultConfigurationName = Release;
		};
		6367F0AB1B07A9E6006B2117 /* Build configuration list for PBXNativeTarget "JarvisTests" */ = {
			isa = XCConfigurationList;
			buildConfigurations = (
				6367F0AC1B07A9E6006B2117 /* Debug */,
				6367F0AD1B07A9E6006B2117 /* Release */,
			);
			defaultConfigurationIsVisible = 0;
			defaultConfigurationName = Release;
		};
/* End XCConfigurationList section */

/* Begin XCVersionGroup section */
		6367F0DB1B08784E006B2117 /* Model.xcdatamodeld */ = {
			isa = XCVersionGroup;
			children = (
				6367F0DC1B08784E006B2117 /* Model.xcdatamodel */,
			);
			currentVersion = 6367F0DC1B08784E006B2117 /* Model.xcdatamodel */;
			path = Model.xcdatamodeld;
			sourceTree = "<group>";
			versionGroupType = wrapper.xcdatamodel;
		};
/* End XCVersionGroup section */
	};
	rootObject = 6367F07D1B07A9E6006B2117 /* Project object */;
}
